
Microsoft Visual Studio Solution File, Format Version 12.00
# Visual Studio Version 17
VisualStudioVersion = 17.0.31903.59
MinimumVisualStudioVersion = 10.0.40219.1
Project("{2150E333-8FDC-42A3-9474-1A3956D46DE8}") = "Presentation", "Presentation", "{2B4CF94D-87C2-4152-AB8B-B29C2C5F5D3B}"
EndProject
Project("{2150E333-8FDC-42A3-9474-1A3956D46DE8}") = "Core", "Core", "{24861518-4FE7-49D4-B7C3-94C5056070FF}"
EndProject
Project("{FAE04EC0-301F-11D3-BF4B-00C04F79EFBC}") = "AYI.Core.DatabaseMaintenance", "AYI.Core.DatabaseMaintenance\AYI.Core.DatabaseMaintenance.csproj", "{77FBF109-A992-4A7F-A905-19DE46662C11}"
EndProject
Project("{FAE04EC0-301F-11D3-BF4B-00C04F79EFBC}") = "AYI.Presentation.DbMaintenanceRunner", "AYI.Presentation.DbMaintenanceRunner\AYI.Presentation.DbMaintenanceRunner.csproj", "{80F20AB3-6458-4E60-B813-F38B7F7A8C0D}"
EndProject
Project("{FAE04EC0-301F-11D3-BF4B-00C04F79EFBC}") = "DataAccess", "DataAccess\DataAccess.csproj", "{71A9FA21-B040-4124-9CF6-0A91233A4605}"
EndProject
Project("{2150E333-8FDC-42A3-9474-1A3956D46DE8}") = "Tests", "Tests", "{0426E234-FD74-4E68-B601-8E0271DA37CA}"
EndProject
Project("{FAE04EC0-301F-11D3-BF4B-00C04F79EFBC}") = "AYI.Tests.DataAccess", "AYI.Tests.DataAccess\AYI.Tests.DataAccess.csproj", "{8FB7ADC7-01B7-40AC-8C2E-6066081F189B}"
EndProject
Project("{FAE04EC0-301F-11D3-BF4B-00C04F79EFBC}") = "DbAccess.Abstractions", "DbAccess.Abstractions\DbAccess.Abstractions.csproj", "{C81F95E4-0A76-48C7-8F59-8D4131AB87C3}"
EndProject
Project("{2150E333-8FDC-42A3-9474-1A3956D46DE8}") = "Solution Items", "Solution Items", "{58F97EF2-8F97-47E7-A87E-A99D751E4D0F}"
	ProjectSection(SolutionItems) = preProject
		docker-compose.yml = docker-compose.yml
	EndProjectSection
EndProject
Project("{2150E333-8FDC-42A3-9474-1A3956D46DE8}") = "DbAccess", "DbAccess", "{144327D9-DCF6-436C-A139-5681EAC02375}"
EndProject
Project("{F2A71F9B-5D33-465A-A702-920D77279786}") = "AYI.Core.DataAccess", "AYI.Core.DataAccess\AYI.Core.DataAccess.fsproj", "{CEFC9B98-CA8A-4CB5-868E-7A85F00553EE}"
EndProject
Project("{F2A71F9B-5D33-465A-A702-920D77279786}") = "AYI.Core.DataModels", "AYI.Core.DataModels\AYI.Core.DataModels.fsproj", "{B388E3C2-D2EF-4A1A-80B1-DA5D56318E5D}"
EndProject
Project("{FAE04EC0-301F-11D3-BF4B-00C04F79EFBC}") = "AYI.Core.Contracts", "AYI.Core.Contracts\AYI.Core.Contracts.csproj", "{F7003224-2A3A-41ED-8F0B-601154B86972}"
EndProject
Project("{F2A71F9B-5D33-465A-A702-920D77279786}") = "AYI.Core.Services", "AYI.Core.Services\AYI.Core.Services.fsproj", "{4B5366D2-4473-4F9E-AF7F-89AC736F0DAC}"
EndProject
Project("{FAE04EC0-301F-11D3-BF4B-00C04F79EFBC}") = "AYI.Presentation.WebApp", "AYI.Presentation.WebApp\AYI.Presentation.WebApp.csproj", "{79DE9286-6A54-4EAC-ACB4-C2657A51ADD8}"
EndProject
Global
	GlobalSection(SolutionConfigurationPlatforms) = preSolution
		Debug|Any CPU = Debug|Any CPU
		Release|Any CPU = Release|Any CPU
	EndGlobalSection
	GlobalSection(SolutionProperties) = preSolution
		HideSolutionNode = FALSE
	EndGlobalSection
	GlobalSection(NestedProjects) = preSolution
		{77FBF109-A992-4A7F-A905-19DE46662C11} = {24861518-4FE7-49D4-B7C3-94C5056070FF}
		{80F20AB3-6458-4E60-B813-F38B7F7A8C0D} = {2B4CF94D-87C2-4152-AB8B-B29C2C5F5D3B}
		{8FB7ADC7-01B7-40AC-8C2E-6066081F189B} = {0426E234-FD74-4E68-B601-8E0271DA37CA}
		{C81F95E4-0A76-48C7-8F59-8D4131AB87C3} = {144327D9-DCF6-436C-A139-5681EAC02375}
		{71A9FA21-B040-4124-9CF6-0A91233A4605} = {144327D9-DCF6-436C-A139-5681EAC02375}
		{CEFC9B98-CA8A-4CB5-868E-7A85F00553EE} = {24861518-4FE7-49D4-B7C3-94C5056070FF}
		{B388E3C2-D2EF-4A1A-80B1-DA5D56318E5D} = {24861518-4FE7-49D4-B7C3-94C5056070FF}
		{F7003224-2A3A-41ED-8F0B-601154B86972} = {24861518-4FE7-49D4-B7C3-94C5056070FF}
		{4B5366D2-4473-4F9E-AF7F-89AC736F0DAC} = {24861518-4FE7-49D4-B7C3-94C5056070FF}
		{79DE9286-6A54-4EAC-ACB4-C2657A51ADD8} = {2B4CF94D-87C2-4152-AB8B-B29C2C5F5D3B}
	EndGlobalSection
	GlobalSection(ProjectConfigurationPlatforms) = postSolution
		{77FBF109-A992-4A7F-A905-19DE46662C11}.Debug|Any CPU.ActiveCfg = Debug|Any CPU
		{77FBF109-A992-4A7F-A905-19DE46662C11}.Debug|Any CPU.Build.0 = Debug|Any CPU
		{77FBF109-A992-4A7F-A905-19DE46662C11}.Release|Any CPU.ActiveCfg = Release|Any CPU
		{77FBF109-A992-4A7F-A905-19DE46662C11}.Release|Any CPU.Build.0 = Release|Any CPU
		{80F20AB3-6458-4E60-B813-F38B7F7A8C0D}.Debug|Any CPU.ActiveCfg = Debug|Any CPU
		{80F20AB3-6458-4E60-B813-F38B7F7A8C0D}.Debug|Any CPU.Build.0 = Debug|Any CPU
		{80F20AB3-6458-4E60-B813-F38B7F7A8C0D}.Release|Any CPU.ActiveCfg = Release|Any CPU
		{80F20AB3-6458-4E60-B813-F38B7F7A8C0D}.Release|Any CPU.Build.0 = Release|Any CPU
		{71A9FA21-B040-4124-9CF6-0A91233A4605}.Debug|Any CPU.ActiveCfg = Debug|Any CPU
		{71A9FA21-B040-4124-9CF6-0A91233A4605}.Debug|Any CPU.Build.0 = Debug|Any CPU
		{71A9FA21-B040-4124-9CF6-0A91233A4605}.Release|Any CPU.ActiveCfg = Release|Any CPU
		{71A9FA21-B040-4124-9CF6-0A91233A4605}.Release|Any CPU.Build.0 = Release|Any CPU
		{8FB7ADC7-01B7-40AC-8C2E-6066081F189B}.Debug|Any CPU.ActiveCfg = Debug|Any CPU
		{8FB7ADC7-01B7-40AC-8C2E-6066081F189B}.Debug|Any CPU.Build.0 = Debug|Any CPU
		{8FB7ADC7-01B7-40AC-8C2E-6066081F189B}.Release|Any CPU.ActiveCfg = Release|Any CPU
		{8FB7ADC7-01B7-40AC-8C2E-6066081F189B}.Release|Any CPU.Build.0 = Release|Any CPU
		{C81F95E4-0A76-48C7-8F59-8D4131AB87C3}.Debug|Any CPU.ActiveCfg = Debug|Any CPU
		{C81F95E4-0A76-48C7-8F59-8D4131AB87C3}.Debug|Any CPU.Build.0 = Debug|Any CPU
		{C81F95E4-0A76-48C7-8F59-8D4131AB87C3}.Release|Any CPU.ActiveCfg = Release|Any CPU
		{C81F95E4-0A76-48C7-8F59-8D4131AB87C3}.Release|Any CPU.Build.0 = Release|Any CPU
		{CEFC9B98-CA8A-4CB5-868E-7A85F00553EE}.Debug|Any CPU.ActiveCfg = Debug|Any CPU
		{CEFC9B98-CA8A-4CB5-868E-7A85F00553EE}.Debug|Any CPU.Build.0 = Debug|Any CPU
		{CEFC9B98-CA8A-4CB5-868E-7A85F00553EE}.Release|Any CPU.ActiveCfg = Release|Any CPU
		{CEFC9B98-CA8A-4CB5-868E-7A85F00553EE}.Release|Any CPU.Build.0 = Release|Any CPU
		{B388E3C2-D2EF-4A1A-80B1-DA5D56318E5D}.Debug|Any CPU.ActiveCfg = Debug|Any CPU
		{B388E3C2-D2EF-4A1A-80B1-DA5D56318E5D}.Debug|Any CPU.Build.0 = Debug|Any CPU
		{B388E3C2-D2EF-4A1A-80B1-DA5D56318E5D}.Release|Any CPU.ActiveCfg = Release|Any CPU
		{B388E3C2-D2EF-4A1A-80B1-DA5D56318E5D}.Release|Any CPU.Build.0 = Release|Any CPU
		{F7003224-2A3A-41ED-8F0B-601154B86972}.Debug|Any CPU.ActiveCfg = Debug|Any CPU
		{F7003224-2A3A-41ED-8F0B-601154B86972}.Debug|Any CPU.Build.0 = Debug|Any CPU
		{F7003224-2A3A-41ED-8F0B-601154B86972}.Release|Any CPU.ActiveCfg = Release|Any CPU
		{F7003224-2A3A-41ED-8F0B-601154B86972}.Release|Any CPU.Build.0 = Release|Any CPU
		{4B5366D2-4473-4F9E-AF7F-89AC736F0DAC}.Debug|Any CPU.ActiveCfg = Debug|Any CPU
		{4B5366D2-4473-4F9E-AF7F-89AC736F0DAC}.Debug|Any CPU.Build.0 = Debug|Any CPU
		{4B5366D2-4473-4F9E-AF7F-89AC736F0DAC}.Release|Any CPU.ActiveCfg = Release|Any CPU
		{4B5366D2-4473-4F9E-AF7F-89AC736F0DAC}.Release|Any CPU.Build.0 = Release|Any CPU
		{79DE9286-6A54-4EAC-ACB4-C2657A51ADD8}.Debug|Any CPU.ActiveCfg = Debug|Any CPU
		{79DE9286-6A54-4EAC-ACB4-C2657A51ADD8}.Debug|Any CPU.Build.0 = Debug|Any CPU
		{79DE9286-6A54-4EAC-ACB4-C2657A51ADD8}.Release|Any CPU.ActiveCfg = Release|Any CPU
		{79DE9286-6A54-4EAC-ACB4-C2657A51ADD8}.Release|Any CPU.Build.0 = Release|Any CPU
	EndGlobalSection
EndGlobal
